
Microsoft Visual Studio Solution File, Format Version 12.00
# Visual Studio Version 17
VisualStudioVersion = 17.4.33110.190
MinimumVisualStudioVersion = 10.0.40219.1
Project("{9A19103F-16F7-4668-BE54-9A1E7A4F7556}") = "ScheduleService", "ScheduleService\ScheduleService.csproj", "{A1B518E5-234B-48FF-BF48-FEEB0587EB88}"
EndProject
Global
	GlobalSection(SolutionConfigurationPlatforms) = preSolution
		Debug|Any CPU = Debug|Any CPU
		Release|Any CPU = Release|Any CPU
	EndGlobalSection
	GlobalSection(ProjectConfigurationPlatforms) = postSolution
		{A1B518E5-234B-48FF-BF48-FEEB0587EB88}.Debug|Any CPU.ActiveCfg = Debug|Any CPU
		{A1B518E5-234B-48FF-BF48-FEEB0587EB88}.Debug|Any CPU.Build.0 = Debug|Any CPU
		{A1B518E5-234B-48FF-BF48-FEEB0587EB88}.Release|Any CPU.ActiveCfg = Release|Any CPU
		{A1B518E5-234B-48FF-BF48-FEEB0587EB88}.Release|Any CPU.Build.0 = Release|Any CPU
	EndGlobalSection
	GlobalSection(SolutionProperties) = preSolution
		HideSolutionNode = FALSE
	EndGlobalSection
	GlobalSection(ExtensibilityGlobals) = postSolution
		SolutionGuid = {CB37E2A0-82CB-46BA-930F-03A43A9639AC}
	EndGlobalSection
EndGlobal
